// !$*UTF8*$!
{
	archiveVersion = 1;
	classes = {
	};
	objectVersion = 50;
	objects = {

/* Begin PBXBuildFile section */
		D2507C0825EC196E00DBAE20 /* AnimatedButtonTwo.swift in Sources */ = {isa = PBXBuildFile; fileRef = D2507C0725EC196E00DBAE20 /* AnimatedButtonTwo.swift */; };
		D2507C0C25EC1F6000DBAE20 /* CustomAnimation.swift in Sources */ = {isa = PBXBuildFile; fileRef = D2507C0B25EC1F6000DBAE20 /* CustomAnimation.swift */; };
		D2507C1125EC236A00DBAE20 /* ContentView.swift in Sources */ = {isa = PBXBuildFile; fileRef = D2507C1025EC236A00DBAE20 /* ContentView.swift */; };
		D2D3EF2225E2ACFB009BF08B /* AppDelegate.swift in Sources */ = {isa = PBXBuildFile; fileRef = D2D3EF2125E2ACFB009BF08B /* AppDelegate.swift */; };
		D2D3EF2425E2ACFB009BF08B /* SceneDelegate.swift in Sources */ = {isa = PBXBuildFile; fileRef = D2D3EF2325E2ACFB009BF08B /* SceneDelegate.swift */; };
		D2D3EF2625E2ACFB009BF08B /* HelloSwiftUI.swift in Sources */ = {isa = PBXBuildFile; fileRef = D2D3EF2525E2ACFB009BF08B /* HelloSwiftUI.swift */; };
		D2D3EF2825E2ACFC009BF08B /* Assets.xcassets in Resources */ = {isa = PBXBuildFile; fileRef = D2D3EF2725E2ACFC009BF08B /* Assets.xcassets */; };
		D2D3EF2B25E2ACFC009BF08B /* Preview Assets.xcassets in Resources */ = {isa = PBXBuildFile; fileRef = D2D3EF2A25E2ACFC009BF08B /* Preview Assets.xcassets */; };
		D2D3EF2E25E2ACFC009BF08B /* LaunchScreen.storyboard in Resources */ = {isa = PBXBuildFile; fileRef = D2D3EF2C25E2ACFC009BF08B /* LaunchScreen.storyboard */; };
		D2D3EF3725E2B030009BF08B /* AnimatedButton.swift in Sources */ = {isa = PBXBuildFile; fileRef = D2D3EF3625E2B030009BF08B /* AnimatedButton.swift */; };
		D2D3EF3A25E2C3CA009BF08B /* StepperAndButton.swift in Sources */ = {isa = PBXBuildFile; fileRef = D2D3EF3925E2C3CA009BF08B /* StepperAndButton.swift */; };
/* End PBXBuildFile section */

/* Begin PBXFileReference section */
		D2507C0725EC196E00DBAE20 /* AnimatedButtonTwo.swift */ = {isa = PBXFileReference; lastKnownFileType = sourcecode.swift; path = AnimatedButtonTwo.swift; sourceTree = "<group>"; };
		D2507C0B25EC1F6000DBAE20 /* CustomAnimation.swift */ = {isa = PBXFileReference; lastKnownFileType = sourcecode.swift; path = CustomAnimation.swift; sourceTree = "<group>"; };
		D2507C1025EC236A00DBAE20 /* ContentView.swift */ = {isa = PBXFileReference; lastKnownFileType = sourcecode.swift; path = ContentView.swift; sourceTree = "<group>"; };
		D2D3EF1E25E2ACFB009BF08B /* Animations.app */ = {isa = PBXFileReference; explicitFileType = wrapper.application; includeInIndex = 0; path = Animations.app; sourceTree = BUILT_PRODUCTS_DIR; };
		D2D3EF2125E2ACFB009BF08B /* AppDelegate.swift */ = {isa = PBXFileReference; lastKnownFileType = sourcecode.swift; path = AppDelegate.swift; sourceTree = "<group>"; };
		D2D3EF2325E2ACFB009BF08B /* SceneDelegate.swift */ = {isa = PBXFileReference; lastKnownFileType = sourcecode.swift; path = SceneDelegate.swift; sourceTree = "<group>"; };
		D2D3EF2525E2ACFB009BF08B /* HelloSwiftUI.swift */ = {isa = PBXFileReference; lastKnownFileType = sourcecode.swift; path = HelloSwiftUI.swift; sourceTree = "<group>"; };
		D2D3EF2725E2ACFC009BF08B /* Assets.xcassets */ = {isa = PBXFileReference; lastKnownFileType = folder.assetcatalog; path = Assets.xcassets; sourceTree = "<group>"; };
		D2D3EF2A25E2ACFC009BF08B /* Preview Assets.xcassets */ = {isa = PBXFileReference; lastKnownFileType = folder.assetcatalog; path = "Preview Assets.xcassets"; sourceTree = "<group>"; };
		D2D3EF2D25E2ACFC009BF08B /* Base */ = {isa = PBXFileReference; lastKnownFileType = file.storyboard; name = Base; path = Base.lproj/LaunchScreen.storyboard; sourceTree = "<group>"; };
		D2D3EF2F25E2ACFC009BF08B /* Info.plist */ = {isa = PBXFileReference; lastKnownFileType = text.plist.xml; path = Info.plist; sourceTree = "<group>"; };
		D2D3EF3625E2B030009BF08B /* AnimatedButton.swift */ = {isa = PBXFileReference; lastKnownFileType = sourcecode.swift; path = AnimatedButton.swift; sourceTree = "<group>"; };
		D2D3EF3925E2C3CA009BF08B /* StepperAndButton.swift */ = {isa = PBXFileReference; lastKnownFileType = sourcecode.swift; path = StepperAndButton.swift; sourceTree = "<group>"; };
/* End PBXFileReference section */

/* Begin PBXFrameworksBuildPhase section */
		D2D3EF1B25E2ACFB009BF08B /* Frameworks */ = {
			isa = PBXFrameworksBuildPhase;
			buildActionMask = 2147483647;
			files = (
			);
			runOnlyForDeploymentPostprocessing = 0;
		};
/* End PBXFrameworksBuildPhase section */

/* Begin PBXGroup section */
		D2D3EF1525E2ACFB009BF08B = {
			isa = PBXGroup;
			children = (
				D2D3EF2025E2ACFB009BF08B /* Animations */,
				D2D3EF1F25E2ACFB009BF08B /* Products */,
			);
			sourceTree = "<group>";
		};
		D2D3EF1F25E2ACFB009BF08B /* Products */ = {
			isa = PBXGroup;
			children = (
				D2D3EF1E25E2ACFB009BF08B /* Animations.app */,
			);
			name = Products;
			sourceTree = "<group>";
		};
		D2D3EF2025E2ACFB009BF08B /* Animations */ = {
			isa = PBXGroup;
			children = (
				D2D3EF2125E2ACFB009BF08B /* AppDelegate.swift */,
				D2D3EF2325E2ACFB009BF08B /* SceneDelegate.swift */,
				D2507C0B25EC1F6000DBAE20 /* CustomAnimation.swift */,
				D2507C1025EC236A00DBAE20 /* ContentView.swift */,
				D2D3EF2525E2ACFB009BF08B /* HelloSwiftUI.swift */,
				D2D3EF3925E2C3CA009BF08B /* StepperAndButton.swift */,
				D2D3EF3625E2B030009BF08B /* AnimatedButton.swift */,
				D2507C0725EC196E00DBAE20 /* AnimatedButtonTwo.swift */,
				D2D3EF2725E2ACFC009BF08B /* Assets.xcassets */,
				D2D3EF2C25E2ACFC009BF08B /* LaunchScreen.storyboard */,
				D2D3EF2F25E2ACFC009BF08B /* Info.plist */,
				D2D3EF2925E2ACFC009BF08B /* Preview Content */,
			);
			path = Animations;
			sourceTree = "<group>";
		};
		D2D3EF2925E2ACFC009BF08B /* Preview Content */ = {
			isa = PBXGroup;
			children = (
				D2D3EF2A25E2ACFC009BF08B /* Preview Assets.xcassets */,
			);
			path = "Preview Content";
			sourceTree = "<group>";
		};
/* End PBXGroup section */

/* Begin PBXNativeTarget section */
		D2D3EF1D25E2ACFB009BF08B /* Animations */ = {
			isa = PBXNativeTarget;
			buildConfigurationList = D2D3EF3225E2ACFC009BF08B /* Build configuration list for PBXNativeTarget "Animations" */;
			buildPhases = (
				D2D3EF1A25E2ACFB009BF08B /* Sources */,
				D2D3EF1B25E2ACFB009BF08B /* Frameworks */,
				D2D3EF1C25E2ACFB009BF08B /* Resources */,
			);
			buildRules = (
			);
			dependencies = (
			);
			name = Animations;
			productName = Animations;
			productReference = D2D3EF1E25E2ACFB009BF08B /* Animations.app */;
			productType = "com.apple.product-type.application";
		};
/* End PBXNativeTarget section */

/* Begin PBXProject section */
		D2D3EF1625E2ACFB009BF08B /* Project object */ = {
			isa = PBXProject;
			attributes = {
				LastSwiftUpdateCheck = 1240;
				LastUpgradeCheck = 1240;
				TargetAttributes = {
					D2D3EF1D25E2ACFB009BF08B = {
						CreatedOnToolsVersion = 12.4;
					};
				};
			};
			buildConfigurationList = D2D3EF1925E2ACFB009BF08B /* Build configuration list for PBXProject "Animations" */;
			compatibilityVersion = "Xcode 9.3";
			developmentRegion = en;
			hasScannedForEncodings = 0;
			knownRegions = (
				en,
				Base,
			);
			mainGroup = D2D3EF1525E2ACFB009BF08B;
			productRefGroup = D2D3EF1F25E2ACFB009BF08B /* Products */;
			projectDirPath = "";
			projectRoot = "";
			targets = (
				D2D3EF1D25E2ACFB009BF08B /* Animations */,
			);
		};
/* End PBXProject section */

/* Begin PBXResourcesBuildPhase section */
		D2D3EF1C25E2ACFB009BF08B /* Resources */ = {
			isa = PBXResourcesBuildPhase;
			buildActionMask = 2147483647;
			files = (
				D2D3EF2E25E2ACFC009BF08B /* LaunchScreen.storyboard in Resources */,
				D2D3EF2B25E2ACFC009BF08B /* Preview Assets.xcassets in Resources */,
				D2D3EF2825E2ACFC009BF08B /* Assets.xcassets in Resources */,
			);
			runOnlyForDeploymentPostprocessing = 0;
		};
/* End PBXResourcesBuildPhase section */

/* Begin PBXSourcesBuildPhase section */
		D2D3EF1A25E2ACFB009BF08B /* Sources */ = {
			isa = PBXSourcesBuildPhase;
			buildActionMask = 2147483647;
			files = (
				D2D3EF2225E2ACFB009BF08B /* AppDelegate.swift in Sources */,
				D2507C0825EC196E00DBAE20 /* AnimatedButtonTwo.swift in Sources */,
				D2507C1125EC236A00DBAE20 /* ContentView.swift in Sources */,
				D2507C0C25EC1F6000DBAE20 /* CustomAnimation.swift in Sources */,
				D2D3EF3A25E2C3CA009BF08B /* StepperAndButton.swift in Sources */,
				D2D3EF2425E2ACFB009BF08B /* SceneDelegate.swift in Sources */,
				D2D3EF3725E2B030009BF08B /* AnimatedButton.swift in Sources */,
				D2D3EF2625E2ACFB009BF08B /* HelloSwiftUI.swift in Sources */,
			);
			runOnlyForDeploymentPostprocessing = 0;
		};
/* End PBXSourcesBuildPhase section */

/* Begin PBXVariantGroup section */
		D2D3EF2C25E2ACFC009BF08B /* LaunchScreen.storyboard */ = {
			isa = PBXVariantGroup;
			children = (
				D2D3EF2D25E2ACFC009BF08B /* Base */,
			);
			name = LaunchScreen.storyboard;
			sourceTree = "<group>";
		};
/* End PBXVariantGroup section */

/* Begin XCBuildConfiguration section */
		D2D3EF3025E2ACFC009BF08B /* Debug */ = {
			isa = XCBuildConfiguration;
			buildSettings = {
				ALWAYS_SEARCH_USER_PATHS = NO;
				CLANG_ANALYZER_NONNULL = YES;
				CLANG_ANALYZER_NUMBER_OBJECT_CONVERSION = YES_AGGRESSIVE;
				CLANG_CXX_LANGUAGE_STANDARD = "gnu++14";
				CLANG_CXX_LIBRARY = "libc++";
				CLANG_ENABLE_MODULES = YES;
				CLANG_ENABLE_OBJC_ARC = YES;
				CLANG_ENABLE_OBJC_WEAK = YES;
				CLANG_WARN_BLOCK_CAPTURE_AUTORELEASING = YES;
				CLANG_WARN_BOOL_CONVERSION = YES;
				CLANG_WARN_COMMA = YES;
				CLANG_WARN_CONSTANT_CONVERSION = YES;
				CLANG_WARN_DEPRECATED_OBJC_IMPLEMENTATIONS = YES;
				CLANG_WARN_DIRECT_OBJC_ISA_USAGE = YES_ERROR;
				CLANG_WARN_DOCUMENTATION_COMMENTS = YES;
				CLANG_WARN_EMPTY_BODY = YES;
				CLANG_WARN_ENUM_CONVERSION = YES;
				CLANG_WARN_INFINITE_RECURSION = YES;
				CLANG_WARN_INT_CONVERSION = YES;
				CLANG_WARN_NON_LITERAL_NULL_CONVERSION = YES;
				CLANG_WARN_OBJC_IMPLICIT_RETAIN_SELF = YES;
				CLANG_WARN_OBJC_LITERAL_CONVERSION = YES;
				CLANG_WARN_OBJC_ROOT_CLASS = YES_ERROR;
				CLANG_WARN_QUOTED_INCLUDE_IN_FRAMEWORK_HEADER = YES;
				CLANG_WARN_RANGE_LOOP_ANALYSIS = YES;
				CLANG_WARN_STRICT_PROTOTYPES = YES;
				CLANG_WARN_SUSPICIOUS_MOVE = YES;
				CLANG_WARN_UNGUARDED_AVAILABILITY = YES_AGGRESSIVE;
				CLANG_WARN_UNREACHABLE_CODE = YES;
				CLANG_WARN__DUPLICATE_METHOD_MATCH = YES;
				COPY_PHASE_STRIP = NO;
				DEBUG_INFORMATION_FORMAT = dwarf;
				ENABLE_STRICT_OBJC_MSGSEND = YES;
				ENABLE_TESTABILITY = YES;
				GCC_C_LANGUAGE_STANDARD = gnu11;
				GCC_DYNAMIC_NO_PIC = NO;
				GCC_NO_COMMON_BLOCKS = YES;
				GCC_OPTIMIZATION_LEVEL = 0;
				GCC_PREPROCESSOR_DEFINITIONS = (
					"DEBUG=1",
					"$(inherited)",
				);
				GCC_WARN_64_TO_32_BIT_CONVERSION = YES;
				GCC_WARN_ABOUT_RETURN_TYPE = YES_ERROR;
				GCC_WARN_UNDECLARED_SELECTOR = YES;
				GCC_WARN_UNINITIALIZED_AUTOS = YES_AGGRESSIVE;
				GCC_WARN_UNUSED_FUNCTION = YES;
				GCC_WARN_UNUSED_VARIABLE = YES;
				IPHONEOS_DEPLOYMENT_TARGET = 14.4;
				MTL_ENABLE_DEBUG_INFO = INCLUDE_SOURCE;
				MTL_FAST_MATH = YES;
				ONLY_ACTIVE_ARCH = YES;
				SDKROOT = iphoneos;
				SWIFT_ACTIVE_COMPILATION_CONDITIONS = DEBUG;
				SWIFT_OPTIMIZATION_LEVEL = "-Onone";
			};
			name = Debug;
		};
		D2D3EF3125E2ACFC009BF08B /* Release */ = {
			isa = XCBuildConfiguration;
			buildSettings = {
				ALWAYS_SEARCH_USER_PATHS = NO;
				CLANG_ANALYZER_NONNULL = YES;
				CLANG_ANALYZER_NUMBER_OBJECT_CONVERSION = YES_AGGRESSIVE;
				CLANG_CXX_LANGUAGE_STANDARD = "gnu++14";
				CLANG_CXX_LIBRARY = "libc++";
				CLANG_ENABLE_MODULES = YES;
				CLANG_ENABLE_OBJC_ARC = YES;
				CLANG_ENABLE_OBJC_WEAK = YES;
				CLANG_WARN_BLOCK_CAPTURE_AUTORELEASING = YES;
				CLANG_WARN_BOOL_CONVERSION = YES;
				CLANG_WARN_COMMA = YES;
				CLANG_WARN_CONSTANT_CONVERSION = YES;
				CLANG_WARN_DEPRECATED_OBJC_IMPLEMENTATIONS = YES;
				CLANG_WARN_DIRECT_OBJC_ISA_USAGE = YES_ERROR;
				CLANG_WARN_DOCUMENTATION_COMMENTS = YES;
				CLANG_WARN_EMPTY_BODY = YES;
				CLANG_WARN_ENUM_CONVERSION = YES;
				CLANG_WARN_INFINITE_RECURSION = YES;
				CLANG_WARN_INT_CONVERSION = YES;
				CLANG_WARN_NON_LITERAL_NULL_CONVERSION = YES;
				CLANG_WARN_OBJC_IMPLICIT_RETAIN_SELF = YES;
				CLANG_WARN_OBJC_LITERAL_CONVERSION = YES;
				CLANG_WARN_OBJC_ROOT_CLASS = YES_ERROR;
				CLANG_WARN_QUOTED_INCLUDE_IN_FRAMEWORK_HEADER = YES;
				CLANG_WARN_RANGE_LOOP_ANALYSIS = YES;
				CLANG_WARN_STRICT_PROTOTYPES = YES;
				CLANG_WARN_SUSPICIOUS_MOVE = YES;
				CLANG_WARN_UNGUARDED_AVAILABILITY = YES_AGGRESSIVE;
				CLANG_WARN_UNREACHABLE_CODE = YES;
				CLANG_WARN__DUPLICATE_METHOD_MATCH = YES;
				COPY_PHASE_STRIP = NO;
				DEBUG_INFORMATION_FORMAT = "dwarf-with-dsym";
				ENABLE_NS_ASSERTIONS = NO;
				ENABLE_STRICT_OBJC_MSGSEND = YES;
				GCC_C_LANGUAGE_STANDARD = gnu11;
				GCC_NO_COMMON_BLOCKS = YES;
				GCC_WARN_64_TO_32_BIT_CONVERSION = YES;
				GCC_WARN_ABOUT_RETURN_TYPE = YES_ERROR;
				GCC_WARN_UNDECLARED_SELECTOR = YES;
				GCC_WARN_UNINITIALIZED_AUTOS = YES_AGGRESSIVE;
				GCC_WARN_UNUSED_FUNCTION = YES;
				GCC_WARN_UNUSED_VARIABLE = YES;
				IPHONEOS_DEPLOYMENT_TARGET = 14.4;
				MTL_ENABLE_DEBUG_INFO = NO;
				MTL_FAST_MATH = YES;
				SDKROOT = iphoneos;
				SWIFT_COMPILATION_MODE = wholemodule;
				SWIFT_OPTIMIZATION_LEVEL = "-O";
				VALIDATE_PRODUCT = YES;
			};
			name = Release;
		};
		D2D3EF3325E2ACFC009BF08B /* Debug */ = {
			isa = XCBuildConfiguration;
			buildSettings = {
				ASSETCATALOG_COMPILER_APPICON_NAME = AppIcon;
				ASSETCATALOG_COMPILER_GLOBAL_ACCENT_COLOR_NAME = AccentColor;
				CODE_SIGN_STYLE = Automatic;
				DEVELOPMENT_ASSET_PATHS = "\"Animations/Preview Content\"";
				DEVELOPMENT_TEAM = 9BPL4R75T5;
				ENABLE_PREVIEWS = YES;
				INFOPLIST_FILE = Animations/Info.plist;
				LD_RUNPATH_SEARCH_PATHS = (
					"$(inherited)",
					"@executable_path/Frameworks",
				);
				PRODUCT_BUNDLE_IDENTIFIER = com.alessandropace.Animations;
				PRODUCT_NAME = "$(TARGET_NAME)";
				SWIFT_VERSION = 5.0;
				TARGETED_DEVICE_FAMILY = "1,2";
			};
			name = Debug;
		};
		D2D3EF3425E2ACFC009BF08B /* Release */ = {
			isa = XCBuildConfiguration;
			buildSettings = {
				ASSETCATALOG_COMPILER_APPICON_NAME = AppIcon;
				ASSETCATALOG_COMPILER_GLOBAL_ACCENT_COLOR_NAME = AccentColor;
				CODE_SIGN_STYLE = Automatic;
				DEVELOPMENT_ASSET_PATHS = "\"Animations/Preview Content\"";
				DEVELOPMENT_TEAM = 9BPL4R75T5;
				ENABLE_PREVIEWS = YES;
				INFOPLIST_FILE = Animations/Info.plist;
				LD_RUNPATH_SEARCH_PATHS = (
					"$(inherited)",
					"@executable_path/Frameworks",
				);
				PRODUCT_BUNDLE_IDENTIFIER = com.alessandropace.Animations;
				PRODUCT_NAME = "$(TARGET_NAME)";
				SWIFT_VERSION = 5.0;
				TARGETED_DEVICE_FAMILY = "1,2";
			};
			name = Release;
		};
/* End XCBuildConfiguration section */

/* Begin XCConfigurationList section */
		D2D3EF1925E2ACFB009BF08B /* Build configuration list for PBXProject "Animations" */ = {
			isa = XCConfigurationList;
			buildConfigurations = (
				D2D3EF3025E2ACFC009BF08B /* Debug */,
				D2D3EF3125E2ACFC009BF08B /* Release */,
			);
			defaultConfigurationIsVisible = 0;
			defaultConfigurationName = Release;
		};
		D2D3EF3225E2ACFC009BF08B /* Build configuration list for PBXNativeTarget "Animations" */ = {
			isa = XCConfigurationList;
			buildConfigurations = (
				D2D3EF3325E2ACFC009BF08B /* Debug */,
				D2D3EF3425E2ACFC009BF08B /* Release */,
			);
			defaultConfigurationIsVisible = 0;
			defaultConfigurationName = Release;
		};
/* End XCConfigurationList section */
	};
	rootObject = D2D3EF1625E2ACFB009BF08B /* Project object */;
}
