// !$*UTF8*$!
{
	archiveVersion = 1;
	classes = {
	};
	objectVersion = 50;
	objects = {

/* Begin PBXBuildFile section */
		D25278D2268A5A93009F5D33 /* InstafilterApp.swift in Sources */ = {isa = PBXBuildFile; fileRef = D25278D1268A5A93009F5D33 /* InstafilterApp.swift */; };
		D25278D4268A5A93009F5D33 /* ContentView.swift in Sources */ = {isa = PBXBuildFile; fileRef = D25278D3268A5A93009F5D33 /* ContentView.swift */; };
		D25278D6268A5A9B009F5D33 /* Assets.xcassets in Resources */ = {isa = PBXBuildFile; fileRef = D25278D5268A5A9B009F5D33 /* Assets.xcassets */; };
		D25278D9268A5A9B009F5D33 /* Preview Assets.xcassets in Resources */ = {isa = PBXBuildFile; fileRef = D25278D8268A5A9B009F5D33 /* Preview Assets.xcassets */; };
		D25278E3268A5E6B009F5D33 /* MultipleOptionsActSheetView.swift in Sources */ = {isa = PBXBuildFile; fileRef = D25278E2268A5E6B009F5D33 /* MultipleOptionsActSheetView.swift */; };
		D287C8A926A8A7AC00DEF8EB /* ProjectView.swift in Sources */ = {isa = PBXBuildFile; fileRef = D287C8A826A8A7AC00DEF8EB /* ProjectView.swift */; };
		D287C8AD26A8B33E00DEF8EB /* ImageSaver.swift in Sources */ = {isa = PBXBuildFile; fileRef = D287C8AC26A8B33E00DEF8EB /* ImageSaver.swift */; };
		D2CACB5426A752450025D5AD /* CoreImageView.swift in Sources */ = {isa = PBXBuildFile; fileRef = D2CACB5326A752450025D5AD /* CoreImageView.swift */; };
		D2CACB5826A757AA0025D5AD /* UIViewControllerInSwiftuiView.swift in Sources */ = {isa = PBXBuildFile; fileRef = D2CACB5726A757AA0025D5AD /* UIViewControllerInSwiftuiView.swift */; };
		D2CACB5B26A758A60025D5AD /* ImagePicker.swift in Sources */ = {isa = PBXBuildFile; fileRef = D2CACB5A26A758A60025D5AD /* ImagePicker.swift */; };
/* End PBXBuildFile section */

/* Begin PBXFileReference section */
		D25278CE268A5A93009F5D33 /* Instafilter.app */ = {isa = PBXFileReference; explicitFileType = wrapper.application; includeInIndex = 0; path = Instafilter.app; sourceTree = BUILT_PRODUCTS_DIR; };
		D25278D1268A5A93009F5D33 /* InstafilterApp.swift */ = {isa = PBXFileReference; lastKnownFileType = sourcecode.swift; path = InstafilterApp.swift; sourceTree = "<group>"; };
		D25278D3268A5A93009F5D33 /* ContentView.swift */ = {isa = PBXFileReference; lastKnownFileType = sourcecode.swift; path = ContentView.swift; sourceTree = "<group>"; };
		D25278D5268A5A9B009F5D33 /* Assets.xcassets */ = {isa = PBXFileReference; lastKnownFileType = folder.assetcatalog; path = Assets.xcassets; sourceTree = "<group>"; };
		D25278D8268A5A9B009F5D33 /* Preview Assets.xcassets */ = {isa = PBXFileReference; lastKnownFileType = folder.assetcatalog; path = "Preview Assets.xcassets"; sourceTree = "<group>"; };
		D25278DA268A5A9B009F5D33 /* Info.plist */ = {isa = PBXFileReference; lastKnownFileType = text.plist.xml; path = Info.plist; sourceTree = "<group>"; };
		D25278E2268A5E6B009F5D33 /* MultipleOptionsActSheetView.swift */ = {isa = PBXFileReference; lastKnownFileType = sourcecode.swift; path = MultipleOptionsActSheetView.swift; sourceTree = "<group>"; };
		D287C8A826A8A7AC00DEF8EB /* ProjectView.swift */ = {isa = PBXFileReference; lastKnownFileType = sourcecode.swift; path = ProjectView.swift; sourceTree = "<group>"; };
		D287C8AC26A8B33E00DEF8EB /* ImageSaver.swift */ = {isa = PBXFileReference; lastKnownFileType = sourcecode.swift; path = ImageSaver.swift; sourceTree = "<group>"; };
		D2CACB5326A752450025D5AD /* CoreImageView.swift */ = {isa = PBXFileReference; lastKnownFileType = sourcecode.swift; path = CoreImageView.swift; sourceTree = "<group>"; };
		D2CACB5726A757AA0025D5AD /* UIViewControllerInSwiftuiView.swift */ = {isa = PBXFileReference; lastKnownFileType = sourcecode.swift; path = UIViewControllerInSwiftuiView.swift; sourceTree = "<group>"; };
		D2CACB5A26A758A60025D5AD /* ImagePicker.swift */ = {isa = PBXFileReference; lastKnownFileType = sourcecode.swift; path = ImagePicker.swift; sourceTree = "<group>"; };
/* End PBXFileReference section */

/* Begin PBXFrameworksBuildPhase section */
		D25278CB268A5A93009F5D33 /* Frameworks */ = {
			isa = PBXFrameworksBuildPhase;
			buildActionMask = 2147483647;
			files = (
			);
			runOnlyForDeploymentPostprocessing = 0;
		};
/* End PBXFrameworksBuildPhase section */

/* Begin PBXGroup section */
		D25278C5268A5A93009F5D33 = {
			isa = PBXGroup;
			children = (
				D25278D0268A5A93009F5D33 /* Instafilter */,
				D25278CF268A5A93009F5D33 /* Products */,
			);
			sourceTree = "<group>";
		};
		D25278CF268A5A93009F5D33 /* Products */ = {
			isa = PBXGroup;
			children = (
				D25278CE268A5A93009F5D33 /* Instafilter.app */,
			);
			name = Products;
			sourceTree = "<group>";
		};
		D25278D0268A5A93009F5D33 /* Instafilter */ = {
			isa = PBXGroup;
			children = (
				D287C8A726A8A78A00DEF8EB /* Day 65 */,
				D2CACB5226A7521B0025D5AD /* Day 63 & 64 */,
				D25278E1268A5E56009F5D33 /* Day 62 */,
				D25278D1268A5A93009F5D33 /* InstafilterApp.swift */,
				D25278D5268A5A9B009F5D33 /* Assets.xcassets */,
				D25278DA268A5A9B009F5D33 /* Info.plist */,
				D25278D7268A5A9B009F5D33 /* Preview Content */,
			);
			path = Instafilter;
			sourceTree = "<group>";
		};
		D25278D7268A5A9B009F5D33 /* Preview Content */ = {
			isa = PBXGroup;
			children = (
				D25278D8268A5A9B009F5D33 /* Preview Assets.xcassets */,
			);
			path = "Preview Content";
			sourceTree = "<group>";
		};
		D25278E1268A5E56009F5D33 /* Day 62 */ = {
			isa = PBXGroup;
			children = (
				D25278D3268A5A93009F5D33 /* ContentView.swift */,
				D25278E2268A5E6B009F5D33 /* MultipleOptionsActSheetView.swift */,
			);
			path = "Day 62";
			sourceTree = "<group>";
		};
		D287C8A726A8A78A00DEF8EB /* Day 65 */ = {
			isa = PBXGroup;
			children = (
				D287C8A826A8A7AC00DEF8EB /* ProjectView.swift */,
				D287C8AC26A8B33E00DEF8EB /* ImageSaver.swift */,
			);
			path = "Day 65";
			sourceTree = "<group>";
		};
		D2CACB5226A7521B0025D5AD /* Day 63 & 64 */ = {
			isa = PBXGroup;
			children = (
				D2CACB5326A752450025D5AD /* CoreImageView.swift */,
				D2CACB5726A757AA0025D5AD /* UIViewControllerInSwiftuiView.swift */,
				D2CACB5A26A758A60025D5AD /* ImagePicker.swift */,
			);
			path = "Day 63 & 64";
			sourceTree = "<group>";
		};
/* End PBXGroup section */

/* Begin PBXNativeTarget section */
		D25278CD268A5A93009F5D33 /* Instafilter */ = {
			isa = PBXNativeTarget;
			buildConfigurationList = D25278DD268A5A9B009F5D33 /* Build configuration list for PBXNativeTarget "Instafilter" */;
			buildPhases = (
				D25278CA268A5A93009F5D33 /* Sources */,
				D25278CB268A5A93009F5D33 /* Frameworks */,
				D25278CC268A5A93009F5D33 /* Resources */,
			);
			buildRules = (
			);
			dependencies = (
			);
			name = Instafilter;
			productName = Instafilter;
			productReference = D25278CE268A5A93009F5D33 /* Instafilter.app */;
			productType = "com.apple.product-type.application";
		};
/* End PBXNativeTarget section */

/* Begin PBXProject section */
		D25278C6268A5A93009F5D33 /* Project object */ = {
			isa = PBXProject;
			attributes = {
				LastSwiftUpdateCheck = 1240;
				LastUpgradeCheck = 1240;
				TargetAttributes = {
					D25278CD268A5A93009F5D33 = {
						CreatedOnToolsVersion = 12.4;
					};
				};
			};
			buildConfigurationList = D25278C9268A5A93009F5D33 /* Build configuration list for PBXProject "Instafilter" */;
			compatibilityVersion = "Xcode 9.3";
			developmentRegion = en;
			hasScannedForEncodings = 0;
			knownRegions = (
				en,
				Base,
			);
			mainGroup = D25278C5268A5A93009F5D33;
			productRefGroup = D25278CF268A5A93009F5D33 /* Products */;
			projectDirPath = "";
			projectRoot = "";
			targets = (
				D25278CD268A5A93009F5D33 /* Instafilter */,
			);
		};
/* End PBXProject section */

/* Begin PBXResourcesBuildPhase section */
		D25278CC268A5A93009F5D33 /* Resources */ = {
			isa = PBXResourcesBuildPhase;
			buildActionMask = 2147483647;
			files = (
				D25278D9268A5A9B009F5D33 /* Preview Assets.xcassets in Resources */,
				D25278D6268A5A9B009F5D33 /* Assets.xcassets in Resources */,
			);
			runOnlyForDeploymentPostprocessing = 0;
		};
/* End PBXResourcesBuildPhase section */

/* Begin PBXSourcesBuildPhase section */
		D25278CA268A5A93009F5D33 /* Sources */ = {
			isa = PBXSourcesBuildPhase;
			buildActionMask = 2147483647;
			files = (
				D25278E3268A5E6B009F5D33 /* MultipleOptionsActSheetView.swift in Sources */,
				D2CACB5826A757AA0025D5AD /* UIViewControllerInSwiftuiView.swift in Sources */,
				D2CACB5426A752450025D5AD /* CoreImageView.swift in Sources */,
				D2CACB5B26A758A60025D5AD /* ImagePicker.swift in Sources */,
				D287C8A926A8A7AC00DEF8EB /* ProjectView.swift in Sources */,
				D25278D4268A5A93009F5D33 /* ContentView.swift in Sources */,
				D25278D2268A5A93009F5D33 /* InstafilterApp.swift in Sources */,
				D287C8AD26A8B33E00DEF8EB /* ImageSaver.swift in Sources */,
			);
			runOnlyForDeploymentPostprocessing = 0;
		};
/* End PBXSourcesBuildPhase section */

/* Begin XCBuildConfiguration section */
		D25278DB268A5A9B009F5D33 /* Debug */ = {
			isa = XCBuildConfiguration;
			buildSettings = {
				ALWAYS_SEARCH_USER_PATHS = NO;
				CLANG_ANALYZER_NONNULL = YES;
				CLANG_ANALYZER_NUMBER_OBJECT_CONVERSION = YES_AGGRESSIVE;
				CLANG_CXX_LANGUAGE_STANDARD = "gnu++14";
				CLANG_CXX_LIBRARY = "libc++";
				CLANG_ENABLE_MODULES = YES;
				CLANG_ENABLE_OBJC_ARC = YES;
				CLANG_ENABLE_OBJC_WEAK = YES;
				CLANG_WARN_BLOCK_CAPTURE_AUTORELEASING = YES;
				CLANG_WARN_BOOL_CONVERSION = YES;
				CLANG_WARN_COMMA = YES;
				CLANG_WARN_CONSTANT_CONVERSION = YES;
				CLANG_WARN_DEPRECATED_OBJC_IMPLEMENTATIONS = YES;
				CLANG_WARN_DIRECT_OBJC_ISA_USAGE = YES_ERROR;
				CLANG_WARN_DOCUMENTATION_COMMENTS = YES;
				CLANG_WARN_EMPTY_BODY = YES;
				CLANG_WARN_ENUM_CONVERSION = YES;
				CLANG_WARN_INFINITE_RECURSION = YES;
				CLANG_WARN_INT_CONVERSION = YES;
				CLANG_WARN_NON_LITERAL_NULL_CONVERSION = YES;
				CLANG_WARN_OBJC_IMPLICIT_RETAIN_SELF = YES;
				CLANG_WARN_OBJC_LITERAL_CONVERSION = YES;
				CLANG_WARN_OBJC_ROOT_CLASS = YES_ERROR;
				CLANG_WARN_QUOTED_INCLUDE_IN_FRAMEWORK_HEADER = YES;
				CLANG_WARN_RANGE_LOOP_ANALYSIS = YES;
				CLANG_WARN_STRICT_PROTOTYPES = YES;
				CLANG_WARN_SUSPICIOUS_MOVE = YES;
				CLANG_WARN_UNGUARDED_AVAILABILITY = YES_AGGRESSIVE;
				CLANG_WARN_UNREACHABLE_CODE = YES;
				CLANG_WARN__DUPLICATE_METHOD_MATCH = YES;
				COPY_PHASE_STRIP = NO;
				DEBUG_INFORMATION_FORMAT = dwarf;
				ENABLE_STRICT_OBJC_MSGSEND = YES;
				ENABLE_TESTABILITY = YES;
				GCC_C_LANGUAGE_STANDARD = gnu11;
				GCC_DYNAMIC_NO_PIC = NO;
				GCC_NO_COMMON_BLOCKS = YES;
				GCC_OPTIMIZATION_LEVEL = 0;
				GCC_PREPROCESSOR_DEFINITIONS = (
					"DEBUG=1",
					"$(inherited)",
				);
				GCC_WARN_64_TO_32_BIT_CONVERSION = YES;
				GCC_WARN_ABOUT_RETURN_TYPE = YES_ERROR;
				GCC_WARN_UNDECLARED_SELECTOR = YES;
				GCC_WARN_UNINITIALIZED_AUTOS = YES_AGGRESSIVE;
				GCC_WARN_UNUSED_FUNCTION = YES;
				GCC_WARN_UNUSED_VARIABLE = YES;
				IPHONEOS_DEPLOYMENT_TARGET = 14.4;
				MTL_ENABLE_DEBUG_INFO = INCLUDE_SOURCE;
				MTL_FAST_MATH = YES;
				ONLY_ACTIVE_ARCH = YES;
				SDKROOT = iphoneos;
				SWIFT_ACTIVE_COMPILATION_CONDITIONS = DEBUG;
				SWIFT_OPTIMIZATION_LEVEL = "-Onone";
			};
			name = Debug;
		};
		D25278DC268A5A9B009F5D33 /* Release */ = {
			isa = XCBuildConfiguration;
			buildSettings = {
				ALWAYS_SEARCH_USER_PATHS = NO;
				CLANG_ANALYZER_NONNULL = YES;
				CLANG_ANALYZER_NUMBER_OBJECT_CONVERSION = YES_AGGRESSIVE;
				CLANG_CXX_LANGUAGE_STANDARD = "gnu++14";
				CLANG_CXX_LIBRARY = "libc++";
				CLANG_ENABLE_MODULES = YES;
				CLANG_ENABLE_OBJC_ARC = YES;
				CLANG_ENABLE_OBJC_WEAK = YES;
				CLANG_WARN_BLOCK_CAPTURE_AUTORELEASING = YES;
				CLANG_WARN_BOOL_CONVERSION = YES;
				CLANG_WARN_COMMA = YES;
				CLANG_WARN_CONSTANT_CONVERSION = YES;
				CLANG_WARN_DEPRECATED_OBJC_IMPLEMENTATIONS = YES;
				CLANG_WARN_DIRECT_OBJC_ISA_USAGE = YES_ERROR;
				CLANG_WARN_DOCUMENTATION_COMMENTS = YES;
				CLANG_WARN_EMPTY_BODY = YES;
				CLANG_WARN_ENUM_CONVERSION = YES;
				CLANG_WARN_INFINITE_RECURSION = YES;
				CLANG_WARN_INT_CONVERSION = YES;
				CLANG_WARN_NON_LITERAL_NULL_CONVERSION = YES;
				CLANG_WARN_OBJC_IMPLICIT_RETAIN_SELF = YES;
				CLANG_WARN_OBJC_LITERAL_CONVERSION = YES;
				CLANG_WARN_OBJC_ROOT_CLASS = YES_ERROR;
				CLANG_WARN_QUOTED_INCLUDE_IN_FRAMEWORK_HEADER = YES;
				CLANG_WARN_RANGE_LOOP_ANALYSIS = YES;
				CLANG_WARN_STRICT_PROTOTYPES = YES;
				CLANG_WARN_SUSPICIOUS_MOVE = YES;
				CLANG_WARN_UNGUARDED_AVAILABILITY = YES_AGGRESSIVE;
				CLANG_WARN_UNREACHABLE_CODE = YES;
				CLANG_WARN__DUPLICATE_METHOD_MATCH = YES;
				COPY_PHASE_STRIP = NO;
				DEBUG_INFORMATION_FORMAT = "dwarf-with-dsym";
				ENABLE_NS_ASSERTIONS = NO;
				ENABLE_STRICT_OBJC_MSGSEND = YES;
				GCC_C_LANGUAGE_STANDARD = gnu11;
				GCC_NO_COMMON_BLOCKS = YES;
				GCC_WARN_64_TO_32_BIT_CONVERSION = YES;
				GCC_WARN_ABOUT_RETURN_TYPE = YES_ERROR;
				GCC_WARN_UNDECLARED_SELECTOR = YES;
				GCC_WARN_UNINITIALIZED_AUTOS = YES_AGGRESSIVE;
				GCC_WARN_UNUSED_FUNCTION = YES;
				GCC_WARN_UNUSED_VARIABLE = YES;
				IPHONEOS_DEPLOYMENT_TARGET = 14.4;
				MTL_ENABLE_DEBUG_INFO = NO;
				MTL_FAST_MATH = YES;
				SDKROOT = iphoneos;
				SWIFT_COMPILATION_MODE = wholemodule;
				SWIFT_OPTIMIZATION_LEVEL = "-O";
				VALIDATE_PRODUCT = YES;
			};
			name = Release;
		};
		D25278DE268A5A9B009F5D33 /* Debug */ = {
			isa = XCBuildConfiguration;
			buildSettings = {
				ASSETCATALOG_COMPILER_APPICON_NAME = AppIcon;
				ASSETCATALOG_COMPILER_GLOBAL_ACCENT_COLOR_NAME = AccentColor;
				CODE_SIGN_STYLE = Automatic;
				DEVELOPMENT_ASSET_PATHS = "\"Instafilter/Preview Content\"";
				DEVELOPMENT_TEAM = 9BPL4R75T5;
				ENABLE_PREVIEWS = YES;
				INFOPLIST_FILE = Instafilter/Info.plist;
				IPHONEOS_DEPLOYMENT_TARGET = 14.0;
				LD_RUNPATH_SEARCH_PATHS = (
					"$(inherited)",
					"@executable_path/Frameworks",
				);
				PRODUCT_BUNDLE_IDENTIFIER = com.alessandropace.Instafilter;
				PRODUCT_NAME = "$(TARGET_NAME)";
				SWIFT_VERSION = 5.0;
				TARGETED_DEVICE_FAMILY = "1,2";
			};
			name = Debug;
		};
		D25278DF268A5A9B009F5D33 /* Release */ = {
			isa = XCBuildConfiguration;
			buildSettings = {
				ASSETCATALOG_COMPILER_APPICON_NAME = AppIcon;
				ASSETCATALOG_COMPILER_GLOBAL_ACCENT_COLOR_NAME = AccentColor;
				CODE_SIGN_STYLE = Automatic;
				DEVELOPMENT_ASSET_PATHS = "\"Instafilter/Preview Content\"";
				DEVELOPMENT_TEAM = 9BPL4R75T5;
				ENABLE_PREVIEWS = YES;
				INFOPLIST_FILE = Instafilter/Info.plist;
				IPHONEOS_DEPLOYMENT_TARGET = 14.0;
				LD_RUNPATH_SEARCH_PATHS = (
					"$(inherited)",
					"@executable_path/Frameworks",
				);
				PRODUCT_BUNDLE_IDENTIFIER = com.alessandropace.Instafilter;
				PRODUCT_NAME = "$(TARGET_NAME)";
				SWIFT_VERSION = 5.0;
				TARGETED_DEVICE_FAMILY = "1,2";
			};
			name = Release;
		};
/* End XCBuildConfiguration section */

/* Begin XCConfigurationList section */
		D25278C9268A5A93009F5D33 /* Build configuration list for PBXProject "Instafilter" */ = {
			isa = XCConfigurationList;
			buildConfigurations = (
				D25278DB268A5A9B009F5D33 /* Debug */,
				D25278DC268A5A9B009F5D33 /* Release */,
			);
			defaultConfigurationIsVisible = 0;
			defaultConfigurationName = Release;
		};
		D25278DD268A5A9B009F5D33 /* Build configuration list for PBXNativeTarget "Instafilter" */ = {
			isa = XCConfigurationList;
			buildConfigurations = (
				D25278DE268A5A9B009F5D33 /* Debug */,
				D25278DF268A5A9B009F5D33 /* Release */,
			);
			defaultConfigurationIsVisible = 0;
			defaultConfigurationName = Release;
		};
/* End XCConfigurationList section */
	};
	rootObject = D25278C6268A5A93009F5D33 /* Project object */;
}
